// !$*UTF8*$!
{
	archiveVersion = 1;
	classes = {
	};
	objectVersion = 46;
	objects = {

/* Begin PBXBuildFile section */
		0B197CE11E32815200392B40 /* AppDelegate.swift in Sources */ = {isa = PBXBuildFile; fileRef = 0B197CE01E32815200392B40 /* AppDelegate.swift */; };
		0B197CE31E32815200392B40 /* FirstViewController.swift in Sources */ = {isa = PBXBuildFile; fileRef = 0B197CE21E32815200392B40 /* FirstViewController.swift */; };
		0B197CE81E32815200392B40 /* Main.storyboard in Resources */ = {isa = PBXBuildFile; fileRef = 0B197CE61E32815200392B40 /* Main.storyboard */; };
		0B197CEA1E32815200392B40 /* Assets.xcassets in Resources */ = {isa = PBXBuildFile; fileRef = 0B197CE91E32815200392B40 /* Assets.xcassets */; };
		0B197CED1E32815200392B40 /* LaunchScreen.storyboard in Resources */ = {isa = PBXBuildFile; fileRef = 0B197CEB1E32815200392B40 /* LaunchScreen.storyboard */; };
		0B197CF81E32815200392B40 /* GVBandwagonTests.swift in Sources */ = {isa = PBXBuildFile; fileRef = 0B197CF71E32815200392B40 /* GVBandwagonTests.swift */; };
		0B197D031E32815200392B40 /* GVBandwagonUITests.swift in Sources */ = {isa = PBXBuildFile; fileRef = 0B197D021E32815200392B40 /* GVBandwagonUITests.swift */; };
		0B396B1B1E6F658200573A94 /* DriverPanelViewController.swift in Sources */ = {isa = PBXBuildFile; fileRef = 0B396B1A1E6F658200573A94 /* DriverPanelViewController.swift */; };
		0B396B1D1E6F7EBA00573A94 /* MyHistoryTableViewController.swift in Sources */ = {isa = PBXBuildFile; fileRef = 0B396B1C1E6F7EBA00573A94 /* MyHistoryTableViewController.swift */; };
		0B396B1F1E6F7ECC00573A94 /* ScheduledRidesTableViewController.swift in Sources */ = {isa = PBXBuildFile; fileRef = 0B396B1E1E6F7ECC00573A94 /* ScheduledRidesTableViewController.swift */; };
		0B3DE4FA1E3BB45A00733810 /* gvbwlogo.jpg in Resources */ = {isa = PBXBuildFile; fileRef = 0B3DE4F91E3BB45A00733810 /* gvbwlogo.jpg */; };
		0B3DE4FC1E3BB57C00733810 /* SignInViewController.swift in Sources */ = {isa = PBXBuildFile; fileRef = 0B3DE4FB1E3BB57C00733810 /* SignInViewController.swift */; };
		0B4BDD931E57DEFB005C186D /* imagicon.png in Resources */ = {isa = PBXBuildFile; fileRef = 0B4BDD921E57DEFB005C186D /* imagicon.png */; };
		0B556BBF1E51390400EAE537 /* DriveViewController.swift in Sources */ = {isa = PBXBuildFile; fileRef = 0B556BBE1E51390400EAE537 /* DriveViewController.swift */; };
		0B6935291E3CE6C300F551CB /* RegistrationViewController.swift in Sources */ = {isa = PBXBuildFile; fileRef = 0B6935281E3CE6C300F551CB /* RegistrationViewController.swift */; };
		0B69352A1E3CE6C300F551CB /* RegistrationViewController.swift in Sources */ = {isa = PBXBuildFile; fileRef = 0B6935281E3CE6C300F551CB /* RegistrationViewController.swift */; };
		0B69352B1E3CE6C300F551CB /* RegistrationViewController.swift in Sources */ = {isa = PBXBuildFile; fileRef = 0B6935281E3CE6C300F551CB /* RegistrationViewController.swift */; };
		0B6935311E3D158400F551CB /* MenuTableViewController.swift in Sources */ = {isa = PBXBuildFile; fileRef = 0B6935301E3D158400F551CB /* MenuTableViewController.swift */; };
		0B6935321E3D158400F551CB /* MenuTableViewController.swift in Sources */ = {isa = PBXBuildFile; fileRef = 0B6935301E3D158400F551CB /* MenuTableViewController.swift */; };
		0B6935331E3D158400F551CB /* MenuTableViewController.swift in Sources */ = {isa = PBXBuildFile; fileRef = 0B6935301E3D158400F551CB /* MenuTableViewController.swift */; };
		0B77D5DE1E64CFB700DDF96C /* CustomKGDrawerViewController.swift in Sources */ = {isa = PBXBuildFile; fileRef = 0B77D5DD1E64CFB700DDF96C /* CustomKGDrawerViewController.swift */; };
		0B944AAD1E6BB0D800A856DE /* FutureRidesTableViewController.swift in Sources */ = {isa = PBXBuildFile; fileRef = 0B944AAC1E6BB0D800A856DE /* FutureRidesTableViewController.swift */; };
		0BABBF711E4A275F00108DC2 /* RideViewController.swift in Sources */ = {isa = PBXBuildFile; fileRef = 0BABBF701E4A275F00108DC2 /* RideViewController.swift */; };
		0BABBF731E4A84A600108DC2 /* accountTableViewController.swift in Sources */ = {isa = PBXBuildFile; fileRef = 0BABBF721E4A84A600108DC2 /* accountTableViewController.swift */; };
		0BABBF751E4A8F5F00108DC2 /* HelpViewController.swift in Sources */ = {isa = PBXBuildFile; fileRef = 0BABBF741E4A8F5F00108DC2 /* HelpViewController.swift */; };
		0BABBF771E4A912D00108DC2 /* userInfoTableViewController.swift in Sources */ = {isa = PBXBuildFile; fileRef = 0BABBF761E4A912D00108DC2 /* userInfoTableViewController.swift */; };
		0BE676301E3D78B5009675F2 /* GoogleService-Info.plist in Resources */ = {isa = PBXBuildFile; fileRef = 0BE6762F1E3D78B5009675F2 /* GoogleService-Info.plist */; };
		0BE676311E3D78B5009675F2 /* GoogleService-Info.plist in Resources */ = {isa = PBXBuildFile; fileRef = 0BE6762F1E3D78B5009675F2 /* GoogleService-Info.plist */; };
		0BE676321E3D78B5009675F2 /* GoogleService-Info.plist in Resources */ = {isa = PBXBuildFile; fileRef = 0BE6762F1E3D78B5009675F2 /* GoogleService-Info.plist */; };
		0BF1B4F81E79C5780062739B /* checkmark.png in Resources */ = {isa = PBXBuildFile; fileRef = 0BF1B4F71E79C5780062739B /* checkmark.png */; };
		0BF1B4FA1E79C92F0062739B /* RequestRideViewController.swift in Sources */ = {isa = PBXBuildFile; fileRef = 0BF1B4F91E79C92F0062739B /* RequestRideViewController.swift */; };
		851AAD191E58C54B0023F0D7 /* findingRidersViewController.swift in Sources */ = {isa = PBXBuildFile; fileRef = 851AAD181E58C54B0023F0D7 /* findingRidersViewController.swift */; };
		852AD80A1E707B1A00155C24 /* cellFile.swift in Sources */ = {isa = PBXBuildFile; fileRef = 852AD8091E707B1A00155C24 /* cellFile.swift */; };
		852AD80C1E707B4F00155C24 /* GVBNotificationDelegate.swift in Sources */ = {isa = PBXBuildFile; fileRef = 852AD80B1E707B4F00155C24 /* GVBNotificationDelegate.swift */; };
		85365DE51E3E8ACB003709C3 /* RegisterAsViewController.swift in Sources */ = {isa = PBXBuildFile; fileRef = 85365DE41E3E8ACB003709C3 /* RegisterAsViewController.swift */; };
		8D7CC2232AD3A68143663BA2 /* Pods_GVBandwagonTests.framework in Frameworks */ = {isa = PBXBuildFile; fileRef = A09C8C265162B5784985937B /* Pods_GVBandwagonTests.framework */; };
		E95A7E4BE11C558326F54189 /* Pods_GVBandwagon.framework in Frameworks */ = {isa = PBXBuildFile; fileRef = D1F2583AB45790452F36E20D /* Pods_GVBandwagon.framework */; };
		F6DE74CD78E1BC3122901C57 /* Pods_GVBandwagonUITests.framework in Frameworks */ = {isa = PBXBuildFile; fileRef = AA1A2D62894C2D5E93F3B906 /* Pods_GVBandwagonUITests.framework */; };
/* End PBXBuildFile section */

/* Begin PBXContainerItemProxy section */
		0B197CF41E32815200392B40 /* PBXContainerItemProxy */ = {
			isa = PBXContainerItemProxy;
			containerPortal = 0B197CD51E32815100392B40 /* Project object */;
			proxyType = 1;
			remoteGlobalIDString = 0B197CDC1E32815100392B40;
			remoteInfo = GVBandwagon;
		};
		0B197CFF1E32815200392B40 /* PBXContainerItemProxy */ = {
			isa = PBXContainerItemProxy;
			containerPortal = 0B197CD51E32815100392B40 /* Project object */;
			proxyType = 1;
			remoteGlobalIDString = 0B197CDC1E32815100392B40;
			remoteInfo = GVBandwagon;
		};
/* End PBXContainerItemProxy section */

/* Begin PBXFileReference section */
		0B197CDD1E32815200392B40 /* GVBandwagon.app */ = {isa = PBXFileReference; explicitFileType = wrapper.application; includeInIndex = 0; path = GVBandwagon.app; sourceTree = BUILT_PRODUCTS_DIR; };
		0B197CE01E32815200392B40 /* AppDelegate.swift */ = {isa = PBXFileReference; lastKnownFileType = sourcecode.swift; path = AppDelegate.swift; sourceTree = "<group>"; };
		0B197CE21E32815200392B40 /* FirstViewController.swift */ = {isa = PBXFileReference; lastKnownFileType = sourcecode.swift; path = FirstViewController.swift; sourceTree = "<group>"; };
		0B197CE71E32815200392B40 /* Base */ = {isa = PBXFileReference; lastKnownFileType = file.storyboard; name = Base; path = Base.lproj/Main.storyboard; sourceTree = "<group>"; };
		0B197CE91E32815200392B40 /* Assets.xcassets */ = {isa = PBXFileReference; lastKnownFileType = folder.assetcatalog; path = Assets.xcassets; sourceTree = "<group>"; };
		0B197CEC1E32815200392B40 /* Base */ = {isa = PBXFileReference; lastKnownFileType = file.storyboard; name = Base; path = Base.lproj/LaunchScreen.storyboard; sourceTree = "<group>"; };
		0B197CEE1E32815200392B40 /* Info.plist */ = {isa = PBXFileReference; lastKnownFileType = text.plist.xml; path = Info.plist; sourceTree = "<group>"; };
		0B197CF31E32815200392B40 /* GVBandwagonTests.xctest */ = {isa = PBXFileReference; explicitFileType = wrapper.cfbundle; includeInIndex = 0; path = GVBandwagonTests.xctest; sourceTree = BUILT_PRODUCTS_DIR; };
		0B197CF71E32815200392B40 /* GVBandwagonTests.swift */ = {isa = PBXFileReference; lastKnownFileType = sourcecode.swift; path = GVBandwagonTests.swift; sourceTree = "<group>"; };
		0B197CF91E32815200392B40 /* Info.plist */ = {isa = PBXFileReference; lastKnownFileType = text.plist.xml; path = Info.plist; sourceTree = "<group>"; };
		0B197CFE1E32815200392B40 /* GVBandwagonUITests.xctest */ = {isa = PBXFileReference; explicitFileType = wrapper.cfbundle; includeInIndex = 0; path = GVBandwagonUITests.xctest; sourceTree = BUILT_PRODUCTS_DIR; };
		0B197D021E32815200392B40 /* GVBandwagonUITests.swift */ = {isa = PBXFileReference; lastKnownFileType = sourcecode.swift; path = GVBandwagonUITests.swift; sourceTree = "<group>"; };
		0B197D041E32815200392B40 /* Info.plist */ = {isa = PBXFileReference; lastKnownFileType = text.plist.xml; path = Info.plist; sourceTree = "<group>"; };
		0B396B1A1E6F658200573A94 /* DriverPanelViewController.swift */ = {isa = PBXFileReference; fileEncoding = 4; lastKnownFileType = sourcecode.swift; path = DriverPanelViewController.swift; sourceTree = "<group>"; };
		0B396B1C1E6F7EBA00573A94 /* MyHistoryTableViewController.swift */ = {isa = PBXFileReference; fileEncoding = 4; lastKnownFileType = sourcecode.swift; path = MyHistoryTableViewController.swift; sourceTree = "<group>"; };
		0B396B1E1E6F7ECC00573A94 /* ScheduledRidesTableViewController.swift */ = {isa = PBXFileReference; fileEncoding = 4; lastKnownFileType = sourcecode.swift; path = ScheduledRidesTableViewController.swift; sourceTree = "<group>"; };
		0B3DE4F91E3BB45A00733810 /* gvbwlogo.jpg */ = {isa = PBXFileReference; lastKnownFileType = image.jpeg; path = gvbwlogo.jpg; sourceTree = "<group>"; };
		0B3DE4FB1E3BB57C00733810 /* SignInViewController.swift */ = {isa = PBXFileReference; fileEncoding = 4; lastKnownFileType = sourcecode.swift; path = SignInViewController.swift; sourceTree = "<group>"; };
		0B4BDD921E57DEFB005C186D /* imagicon.png */ = {isa = PBXFileReference; lastKnownFileType = image.png; name = imagicon.png; path = GVBandwagon/Assets.xcassets/imagicon.png; sourceTree = "<group>"; };
		0B556BBE1E51390400EAE537 /* DriveViewController.swift */ = {isa = PBXFileReference; fileEncoding = 4; lastKnownFileType = sourcecode.swift; path = DriveViewController.swift; sourceTree = "<group>"; };
		0B6935281E3CE6C300F551CB /* RegistrationViewController.swift */ = {isa = PBXFileReference; fileEncoding = 4; lastKnownFileType = sourcecode.swift; path = RegistrationViewController.swift; sourceTree = "<group>"; };
		0B6935301E3D158400F551CB /* MenuTableViewController.swift */ = {isa = PBXFileReference; fileEncoding = 4; lastKnownFileType = sourcecode.swift; path = MenuTableViewController.swift; sourceTree = "<group>"; };
		0B77D5DD1E64CFB700DDF96C /* CustomKGDrawerViewController.swift */ = {isa = PBXFileReference; fileEncoding = 4; lastKnownFileType = sourcecode.swift; path = CustomKGDrawerViewController.swift; sourceTree = "<group>"; };
		0B944AAC1E6BB0D800A856DE /* FutureRidesTableViewController.swift */ = {isa = PBXFileReference; fileEncoding = 4; lastKnownFileType = sourcecode.swift; path = FutureRidesTableViewController.swift; sourceTree = "<group>"; };
		0BABBF701E4A275F00108DC2 /* RideViewController.swift */ = {isa = PBXFileReference; fileEncoding = 4; lastKnownFileType = sourcecode.swift; path = RideViewController.swift; sourceTree = "<group>"; };
		0BABBF721E4A84A600108DC2 /* accountTableViewController.swift */ = {isa = PBXFileReference; fileEncoding = 4; lastKnownFileType = sourcecode.swift; path = accountTableViewController.swift; sourceTree = "<group>"; };
		0BABBF741E4A8F5F00108DC2 /* HelpViewController.swift */ = {isa = PBXFileReference; fileEncoding = 4; lastKnownFileType = sourcecode.swift; name = HelpViewController.swift; path = ../HelpViewController.swift; sourceTree = "<group>"; };
		0BABBF761E4A912D00108DC2 /* userInfoTableViewController.swift */ = {isa = PBXFileReference; fileEncoding = 4; lastKnownFileType = sourcecode.swift; path = userInfoTableViewController.swift; sourceTree = "<group>"; };
		0BC8F62D1E3A795A00E94F5B /* GVBandwagon.entitlements */ = {isa = PBXFileReference; lastKnownFileType = text.plist.entitlements; path = GVBandwagon.entitlements; sourceTree = "<group>"; };
		0BE6762F1E3D78B5009675F2 /* GoogleService-Info.plist */ = {isa = PBXFileReference; fileEncoding = 4; lastKnownFileType = text.plist.xml; path = "GoogleService-Info.plist"; sourceTree = "<group>"; };
		0BF1B4F71E79C5780062739B /* checkmark.png */ = {isa = PBXFileReference; lastKnownFileType = image.png; name = checkmark.png; path = GVBandwagon/Assets.xcassets/checkmark.png; sourceTree = "<group>"; };
		0BF1B4F91E79C92F0062739B /* RequestRideViewController.swift */ = {isa = PBXFileReference; fileEncoding = 4; lastKnownFileType = sourcecode.swift; path = RequestRideViewController.swift; sourceTree = "<group>"; };
		1456442C274CA1E608152DE7 /* Pods-GVBandwagon.release.xcconfig */ = {isa = PBXFileReference; includeInIndex = 1; lastKnownFileType = text.xcconfig; name = "Pods-GVBandwagon.release.xcconfig"; path = "Pods/Target Support Files/Pods-GVBandwagon/Pods-GVBandwagon.release.xcconfig"; sourceTree = "<group>"; };
		1FBE53FF6CE82D3A9B6283BB /* Pods-GVBandwagonTests.release.xcconfig */ = {isa = PBXFileReference; includeInIndex = 1; lastKnownFileType = text.xcconfig; name = "Pods-GVBandwagonTests.release.xcconfig"; path = "Pods/Target Support Files/Pods-GVBandwagonTests/Pods-GVBandwagonTests.release.xcconfig"; sourceTree = "<group>"; };
		6EA9EDCC8B7D08BD0D8F9580 /* Pods-GVBandwagonTests.debug.xcconfig */ = {isa = PBXFileReference; includeInIndex = 1; lastKnownFileType = text.xcconfig; name = "Pods-GVBandwagonTests.debug.xcconfig"; path = "Pods/Target Support Files/Pods-GVBandwagonTests/Pods-GVBandwagonTests.debug.xcconfig"; sourceTree = "<group>"; };
		851AAD181E58C54B0023F0D7 /* findingRidersViewController.swift */ = {isa = PBXFileReference; fileEncoding = 4; lastKnownFileType = sourcecode.swift; path = findingRidersViewController.swift; sourceTree = "<group>"; };
		852AD8091E707B1A00155C24 /* cellFile.swift */ = {isa = PBXFileReference; fileEncoding = 4; lastKnownFileType = sourcecode.swift; path = cellFile.swift; sourceTree = "<group>"; };
		852AD80B1E707B4F00155C24 /* GVBNotificationDelegate.swift */ = {isa = PBXFileReference; fileEncoding = 4; lastKnownFileType = sourcecode.swift; path = GVBNotificationDelegate.swift; sourceTree = "<group>"; };
		85365DE41E3E8ACB003709C3 /* RegisterAsViewController.swift */ = {isa = PBXFileReference; fileEncoding = 4; lastKnownFileType = sourcecode.swift; path = RegisterAsViewController.swift; sourceTree = "<group>"; };
		92439C4256939807408E1F10 /* Pods-GVBandwagonUITests.release.xcconfig */ = {isa = PBXFileReference; includeInIndex = 1; lastKnownFileType = text.xcconfig; name = "Pods-GVBandwagonUITests.release.xcconfig"; path = "Pods/Target Support Files/Pods-GVBandwagonUITests/Pods-GVBandwagonUITests.release.xcconfig"; sourceTree = "<group>"; };
		A09C8C265162B5784985937B /* Pods_GVBandwagonTests.framework */ = {isa = PBXFileReference; explicitFileType = wrapper.framework; includeInIndex = 0; path = Pods_GVBandwagonTests.framework; sourceTree = BUILT_PRODUCTS_DIR; };
		AA1A2D62894C2D5E93F3B906 /* Pods_GVBandwagonUITests.framework */ = {isa = PBXFileReference; explicitFileType = wrapper.framework; includeInIndex = 0; path = Pods_GVBandwagonUITests.framework; sourceTree = BUILT_PRODUCTS_DIR; };
		BBB63040EEFB4BA3004B7062 /* Pods-GVBandwagonUITests.debug.xcconfig */ = {isa = PBXFileReference; includeInIndex = 1; lastKnownFileType = text.xcconfig; name = "Pods-GVBandwagonUITests.debug.xcconfig"; path = "Pods/Target Support Files/Pods-GVBandwagonUITests/Pods-GVBandwagonUITests.debug.xcconfig"; sourceTree = "<group>"; };
		C956A4DD338348886D7E4358 /* Pods-GVBandwagon.debug.xcconfig */ = {isa = PBXFileReference; includeInIndex = 1; lastKnownFileType = text.xcconfig; name = "Pods-GVBandwagon.debug.xcconfig"; path = "Pods/Target Support Files/Pods-GVBandwagon/Pods-GVBandwagon.debug.xcconfig"; sourceTree = "<group>"; };
		D1F2583AB45790452F36E20D /* Pods_GVBandwagon.framework */ = {isa = PBXFileReference; explicitFileType = wrapper.framework; includeInIndex = 0; path = Pods_GVBandwagon.framework; sourceTree = BUILT_PRODUCTS_DIR; };
/* End PBXFileReference section */

/* Begin PBXFrameworksBuildPhase section */
		0B197CDA1E32815100392B40 /* Frameworks */ = {
			isa = PBXFrameworksBuildPhase;
			buildActionMask = 2147483647;
			files = (
				E95A7E4BE11C558326F54189 /* Pods_GVBandwagon.framework in Frameworks */,
			);
			runOnlyForDeploymentPostprocessing = 0;
		};
		0B197CF01E32815200392B40 /* Frameworks */ = {
			isa = PBXFrameworksBuildPhase;
			buildActionMask = 2147483647;
			files = (
				8D7CC2232AD3A68143663BA2 /* Pods_GVBandwagonTests.framework in Frameworks */,
			);
			runOnlyForDeploymentPostprocessing = 0;
		};
		0B197CFB1E32815200392B40 /* Frameworks */ = {
			isa = PBXFrameworksBuildPhase;
			buildActionMask = 2147483647;
			files = (
				F6DE74CD78E1BC3122901C57 /* Pods_GVBandwagonUITests.framework in Frameworks */,
			);
			runOnlyForDeploymentPostprocessing = 0;
		};
/* End PBXFrameworksBuildPhase section */

/* Begin PBXGroup section */
		0B197CD41E32815100392B40 = {
			isa = PBXGroup;
			children = (
				0B3DE4F81E3BB44200733810 /* Assets */,
				0B197CDF1E32815200392B40 /* GVBandwagon */,
				0B197CF61E32815200392B40 /* GVBandwagonTests */,
				0B197D011E32815200392B40 /* GVBandwagonUITests */,
				0B197CDE1E32815200392B40 /* Products */,
				254410CC4B664F28DA2BA22A /* Pods */,
				2791765E40BA1D3EE3482B42 /* Frameworks */,
			);
			sourceTree = "<group>";
		};
		0B197CDE1E32815200392B40 /* Products */ = {
			isa = PBXGroup;
			children = (
				0B197CDD1E32815200392B40 /* GVBandwagon.app */,
				0B197CF31E32815200392B40 /* GVBandwagonTests.xctest */,
				0B197CFE1E32815200392B40 /* GVBandwagonUITests.xctest */,
			);
			name = Products;
			sourceTree = "<group>";
		};
		0B197CDF1E32815200392B40 /* GVBandwagon */ = {
			isa = PBXGroup;
			children = (
				852AD80B1E707B4F00155C24 /* GVBNotificationDelegate.swift */,
				852AD8091E707B1A00155C24 /* cellFile.swift */,
				0BC8F62D1E3A795A00E94F5B /* GVBandwagon.entitlements */,
				0B197CE01E32815200392B40 /* AppDelegate.swift */,
				0B3DE4FB1E3BB57C00733810 /* SignInViewController.swift */,
				0B6935281E3CE6C300F551CB /* RegistrationViewController.swift */,
				0B6935301E3D158400F551CB /* MenuTableViewController.swift */,
				0B197CE21E32815200392B40 /* FirstViewController.swift */,
				0B197CE61E32815200392B40 /* Main.storyboard */,
				0BF1B4F91E79C92F0062739B /* RequestRideViewController.swift */,
				851AAD181E58C54B0023F0D7 /* findingRidersViewController.swift */,
				0B556BBE1E51390400EAE537 /* DriveViewController.swift */,
				0BABBF761E4A912D00108DC2 /* userInfoTableViewController.swift */,
				0BABBF721E4A84A600108DC2 /* accountTableViewController.swift */,
				0BABBF701E4A275F00108DC2 /* RideViewController.swift */,
				85365DE41E3E8ACB003709C3 /* RegisterAsViewController.swift */,
				0BABBF741E4A8F5F00108DC2 /* HelpViewController.swift */,
				0B197CE91E32815200392B40 /* Assets.xcassets */,
				0B197CEB1E32815200392B40 /* LaunchScreen.storyboard */,
				0BE6762F1E3D78B5009675F2 /* GoogleService-Info.plist */,
				0B197CEE1E32815200392B40 /* Info.plist */,
				0B77D5DD1E64CFB700DDF96C /* CustomKGDrawerViewController.swift */,
				0B944AAC1E6BB0D800A856DE /* FutureRidesTableViewController.swift */,
				0B396B1A1E6F658200573A94 /* DriverPanelViewController.swift */,
				0B396B1C1E6F7EBA00573A94 /* MyHistoryTableViewController.swift */,
				0B396B1E1E6F7ECC00573A94 /* ScheduledRidesTableViewController.swift */,
			);
			path = GVBandwagon;
			sourceTree = "<group>";
		};
		0B197CF61E32815200392B40 /* GVBandwagonTests */ = {
			isa = PBXGroup;
			children = (
				0B197CF71E32815200392B40 /* GVBandwagonTests.swift */,
				0B197CF91E32815200392B40 /* Info.plist */,
			);
			path = GVBandwagonTests;
			sourceTree = "<group>";
		};
		0B197D011E32815200392B40 /* GVBandwagonUITests */ = {
			isa = PBXGroup;
			children = (
				0B197D021E32815200392B40 /* GVBandwagonUITests.swift */,
				0B197D041E32815200392B40 /* Info.plist */,
			);
			path = GVBandwagonUITests;
			sourceTree = "<group>";
		};
		0B3DE4F81E3BB44200733810 /* Assets */ = {
			isa = PBXGroup;
			children = (
				0BF1B4F71E79C5780062739B /* checkmark.png */,
				0B3DE4F91E3BB45A00733810 /* gvbwlogo.jpg */,
				0B4BDD921E57DEFB005C186D /* imagicon.png */,
			);
			name = Assets;
			sourceTree = "<group>";
		};
		254410CC4B664F28DA2BA22A /* Pods */ = {
			isa = PBXGroup;
			children = (
				C956A4DD338348886D7E4358 /* Pods-GVBandwagon.debug.xcconfig */,
				1456442C274CA1E608152DE7 /* Pods-GVBandwagon.release.xcconfig */,
				6EA9EDCC8B7D08BD0D8F9580 /* Pods-GVBandwagonTests.debug.xcconfig */,
				1FBE53FF6CE82D3A9B6283BB /* Pods-GVBandwagonTests.release.xcconfig */,
				BBB63040EEFB4BA3004B7062 /* Pods-GVBandwagonUITests.debug.xcconfig */,
				92439C4256939807408E1F10 /* Pods-GVBandwagonUITests.release.xcconfig */,
			);
			name = Pods;
			sourceTree = "<group>";
		};
		2791765E40BA1D3EE3482B42 /* Frameworks */ = {
			isa = PBXGroup;
			children = (
				D1F2583AB45790452F36E20D /* Pods_GVBandwagon.framework */,
				A09C8C265162B5784985937B /* Pods_GVBandwagonTests.framework */,
				AA1A2D62894C2D5E93F3B906 /* Pods_GVBandwagonUITests.framework */,
			);
			name = Frameworks;
			sourceTree = "<group>";
		};
/* End PBXGroup section */

/* Begin PBXNativeTarget section */
		0B197CDC1E32815100392B40 /* GVBandwagon */ = {
			isa = PBXNativeTarget;
			buildConfigurationList = 0B197D071E32815200392B40 /* Build configuration list for PBXNativeTarget "GVBandwagon" */;
			buildPhases = (
				DF3ABD5D99555EAC2EE16A35 /* [CP] Check Pods Manifest.lock */,
				0B197CD91E32815100392B40 /* Sources */,
				0B197CDA1E32815100392B40 /* Frameworks */,
				0B197CDB1E32815100392B40 /* Resources */,
				8340B3123EFB686497153864 /* [CP] Embed Pods Frameworks */,
				1DC34A584BF9B2C27853E3F5 /* [CP] Copy Pods Resources */,
			);
			buildRules = (
			);
			dependencies = (
			);
			name = GVBandwagon;
			productName = GVBandwagon;
			productReference = 0B197CDD1E32815200392B40 /* GVBandwagon.app */;
			productType = "com.apple.product-type.application";
		};
		0B197CF21E32815200392B40 /* GVBandwagonTests */ = {
			isa = PBXNativeTarget;
			buildConfigurationList = 0B197D0A1E32815200392B40 /* Build configuration list for PBXNativeTarget "GVBandwagonTests" */;
			buildPhases = (
				4027037F52726B21250A993D /* [CP] Check Pods Manifest.lock */,
				0B197CEF1E32815200392B40 /* Sources */,
				0B197CF01E32815200392B40 /* Frameworks */,
				0B197CF11E32815200392B40 /* Resources */,
				3EEBE9BD7EFF578257E3A853 /* [CP] Embed Pods Frameworks */,
				7C1161F45EC9C46EB9822F33 /* [CP] Copy Pods Resources */,
			);
			buildRules = (
			);
			dependencies = (
				0B197CF51E32815200392B40 /* PBXTargetDependency */,
			);
			name = GVBandwagonTests;
			productName = GVBandwagonTests;
			productReference = 0B197CF31E32815200392B40 /* GVBandwagonTests.xctest */;
			productType = "com.apple.product-type.bundle.unit-test";
		};
		0B197CFD1E32815200392B40 /* GVBandwagonUITests */ = {
			isa = PBXNativeTarget;
			buildConfigurationList = 0B197D0D1E32815200392B40 /* Build configuration list for PBXNativeTarget "GVBandwagonUITests" */;
			buildPhases = (
				E2D5CB47A7CBA182B7BF696F /* [CP] Check Pods Manifest.lock */,
				0B197CFA1E32815200392B40 /* Sources */,
				0B197CFB1E32815200392B40 /* Frameworks */,
				0B197CFC1E32815200392B40 /* Resources */,
				C7E776EE03E0457B2A3BD879 /* [CP] Copy Pods Resources */,
				F488785BDB77E0CE21DD6A7B /* [CP] Embed Pods Frameworks */,
			);
			buildRules = (
			);
			dependencies = (
				0B197D001E32815200392B40 /* PBXTargetDependency */,
			);
			name = GVBandwagonUITests;
			productName = GVBandwagonUITests;
			productReference = 0B197CFE1E32815200392B40 /* GVBandwagonUITests.xctest */;
			productType = "com.apple.product-type.bundle.ui-testing";
		};
/* End PBXNativeTarget section */

/* Begin PBXProject section */
		0B197CD51E32815100392B40 /* Project object */ = {
			isa = PBXProject;
			attributes = {
				LastSwiftUpdateCheck = 0820;
				LastUpgradeCheck = 0820;
				ORGANIZATIONNAME = "Nicolas Heady";
				TargetAttributes = {
					0B197CDC1E32815100392B40 = {
						CreatedOnToolsVersion = 8.2.1;
						DevelopmentTeam = VH242F6P8Y;
						ProvisioningStyle = Automatic;
						SystemCapabilities = {
							com.apple.Keychain = {
								enabled = 0;
							};
						};
					};
					0B197CF21E32815200392B40 = {
						CreatedOnToolsVersion = 8.2.1;
						ProvisioningStyle = Automatic;
						TestTargetID = 0B197CDC1E32815100392B40;
					};
					0B197CFD1E32815200392B40 = {
						CreatedOnToolsVersion = 8.2.1;
						ProvisioningStyle = Automatic;
						TestTargetID = 0B197CDC1E32815100392B40;
					};
				};
			};
			buildConfigurationList = 0B197CD81E32815100392B40 /* Build configuration list for PBXProject "GVBandwagon" */;
			compatibilityVersion = "Xcode 3.2";
			developmentRegion = English;
			hasScannedForEncodings = 0;
			knownRegions = (
				en,
				Base,
			);
			mainGroup = 0B197CD41E32815100392B40;
			productRefGroup = 0B197CDE1E32815200392B40 /* Products */;
			projectDirPath = "";
			projectRoot = "";
			targets = (
				0B197CDC1E32815100392B40 /* GVBandwagon */,
				0B197CF21E32815200392B40 /* GVBandwagonTests */,
				0B197CFD1E32815200392B40 /* GVBandwagonUITests */,
			);
		};
/* End PBXProject section */

/* Begin PBXResourcesBuildPhase section */
		0B197CDB1E32815100392B40 /* Resources */ = {
			isa = PBXResourcesBuildPhase;
			buildActionMask = 2147483647;
			files = (
				0B197CED1E32815200392B40 /* LaunchScreen.storyboard in Resources */,
				0B197CEA1E32815200392B40 /* Assets.xcassets in Resources */,
				0B4BDD931E57DEFB005C186D /* imagicon.png in Resources */,
				0BF1B4F81E79C5780062739B /* checkmark.png in Resources */,
				0BE676301E3D78B5009675F2 /* GoogleService-Info.plist in Resources */,
				0B197CE81E32815200392B40 /* Main.storyboard in Resources */,
				0B3DE4FA1E3BB45A00733810 /* gvbwlogo.jpg in Resources */,
			);
			runOnlyForDeploymentPostprocessing = 0;
		};
		0B197CF11E32815200392B40 /* Resources */ = {
			isa = PBXResourcesBuildPhase;
			buildActionMask = 2147483647;
			files = (
				0BE676311E3D78B5009675F2 /* GoogleService-Info.plist in Resources */,
			);
			runOnlyForDeploymentPostprocessing = 0;
		};
		0B197CFC1E32815200392B40 /* Resources */ = {
			isa = PBXResourcesBuildPhase;
			buildActionMask = 2147483647;
			files = (
				0BE676321E3D78B5009675F2 /* GoogleService-Info.plist in Resources */,
			);
			runOnlyForDeploymentPostprocessing = 0;
		};
/* End PBXResourcesBuildPhase section */

/* Begin PBXShellScriptBuildPhase section */
		1DC34A584BF9B2C27853E3F5 /* [CP] Copy Pods Resources */ = {
			isa = PBXShellScriptBuildPhase;
			buildActionMask = 2147483647;
			files = (
			);
			inputPaths = (
			);
			name = "[CP] Copy Pods Resources";
			outputPaths = (
			);
			runOnlyForDeploymentPostprocessing = 0;
			shellPath = /bin/sh;
			shellScript = "\"${SRCROOT}/Pods/Target Support Files/Pods-GVBandwagon/Pods-GVBandwagon-resources.sh\"\n";
			showEnvVarsInLog = 0;
		};
		3EEBE9BD7EFF578257E3A853 /* [CP] Embed Pods Frameworks */ = {
			isa = PBXShellScriptBuildPhase;
			buildActionMask = 2147483647;
			files = (
			);
			inputPaths = (
			);
			name = "[CP] Embed Pods Frameworks";
			outputPaths = (
			);
			runOnlyForDeploymentPostprocessing = 0;
			shellPath = /bin/sh;
			shellScript = "\"${SRCROOT}/Pods/Target Support Files/Pods-GVBandwagonTests/Pods-GVBandwagonTests-frameworks.sh\"\n";
			showEnvVarsInLog = 0;
		};
		4027037F52726B21250A993D /* [CP] Check Pods Manifest.lock */ = {
			isa = PBXShellScriptBuildPhase;
			buildActionMask = 2147483647;
			files = (
			);
			inputPaths = (
			);
			name = "[CP] Check Pods Manifest.lock";
			outputPaths = (
			);
			runOnlyForDeploymentPostprocessing = 0;
			shellPath = /bin/sh;
			shellScript = "diff \"${PODS_ROOT}/../Podfile.lock\" \"${PODS_ROOT}/Manifest.lock\" > /dev/null\nif [ $? != 0 ] ; then\n    # print error to STDERR\n    echo \"error: The sandbox is not in sync with the Podfile.lock. Run 'pod install' or update your CocoaPods installation.\" >&2\n    exit 1\nfi\n";
			showEnvVarsInLog = 0;
		};
		7C1161F45EC9C46EB9822F33 /* [CP] Copy Pods Resources */ = {
			isa = PBXShellScriptBuildPhase;
			buildActionMask = 2147483647;
			files = (
			);
			inputPaths = (
			);
			name = "[CP] Copy Pods Resources";
			outputPaths = (
			);
			runOnlyForDeploymentPostprocessing = 0;
			shellPath = /bin/sh;
			shellScript = "\"${SRCROOT}/Pods/Target Support Files/Pods-GVBandwagonTests/Pods-GVBandwagonTests-resources.sh\"\n";
			showEnvVarsInLog = 0;
		};
		8340B3123EFB686497153864 /* [CP] Embed Pods Frameworks */ = {
			isa = PBXShellScriptBuildPhase;
			buildActionMask = 2147483647;
			files = (
			);
			inputPaths = (
			);
			name = "[CP] Embed Pods Frameworks";
			outputPaths = (
			);
			runOnlyForDeploymentPostprocessing = 0;
			shellPath = /bin/sh;
			shellScript = "\"${SRCROOT}/Pods/Target Support Files/Pods-GVBandwagon/Pods-GVBandwagon-frameworks.sh\"\n";
			showEnvVarsInLog = 0;
		};
		C7E776EE03E0457B2A3BD879 /* [CP] Copy Pods Resources */ = {
			isa = PBXShellScriptBuildPhase;
			buildActionMask = 2147483647;
			files = (
			);
			inputPaths = (
			);
			name = "[CP] Copy Pods Resources";
			outputPaths = (
			);
			runOnlyForDeploymentPostprocessing = 0;
			shellPath = /bin/sh;
			shellScript = "\"${SRCROOT}/Pods/Target Support Files/Pods-GVBandwagonUITests/Pods-GVBandwagonUITests-resources.sh\"\n";
			showEnvVarsInLog = 0;
		};
		DF3ABD5D99555EAC2EE16A35 /* [CP] Check Pods Manifest.lock */ = {
			isa = PBXShellScriptBuildPhase;
			buildActionMask = 2147483647;
			files = (
			);
			inputPaths = (
			);
			name = "[CP] Check Pods Manifest.lock";
			outputPaths = (
			);
			runOnlyForDeploymentPostprocessing = 0;
			shellPath = /bin/sh;
			shellScript = "diff \"${PODS_ROOT}/../Podfile.lock\" \"${PODS_ROOT}/Manifest.lock\" > /dev/null\nif [ $? != 0 ] ; then\n    # print error to STDERR\n    echo \"error: The sandbox is not in sync with the Podfile.lock. Run 'pod install' or update your CocoaPods installation.\" >&2\n    exit 1\nfi\n";
			showEnvVarsInLog = 0;
		};
		E2D5CB47A7CBA182B7BF696F /* [CP] Check Pods Manifest.lock */ = {
			isa = PBXShellScriptBuildPhase;
			buildActionMask = 2147483647;
			files = (
			);
			inputPaths = (
			);
			name = "[CP] Check Pods Manifest.lock";
			outputPaths = (
			);
			runOnlyForDeploymentPostprocessing = 0;
			shellPath = /bin/sh;
			shellScript = "diff \"${PODS_ROOT}/../Podfile.lock\" \"${PODS_ROOT}/Manifest.lock\" > /dev/null\nif [ $? != 0 ] ; then\n    # print error to STDERR\n    echo \"error: The sandbox is not in sync with the Podfile.lock. Run 'pod install' or update your CocoaPods installation.\" >&2\n    exit 1\nfi\n";
			showEnvVarsInLog = 0;
		};
		F488785BDB77E0CE21DD6A7B /* [CP] Embed Pods Frameworks */ = {
			isa = PBXShellScriptBuildPhase;
			buildActionMask = 2147483647;
			files = (
			);
			inputPaths = (
			);
			name = "[CP] Embed Pods Frameworks";
			outputPaths = (
			);
			runOnlyForDeploymentPostprocessing = 0;
			shellPath = /bin/sh;
			shellScript = "\"${SRCROOT}/Pods/Target Support Files/Pods-GVBandwagonUITests/Pods-GVBandwagonUITests-frameworks.sh\"\n";
			showEnvVarsInLog = 0;
		};
/* End PBXShellScriptBuildPhase section */

/* Begin PBXSourcesBuildPhase section */
		0B197CD91E32815100392B40 /* Sources */ = {
			isa = PBXSourcesBuildPhase;
			buildActionMask = 2147483647;
			files = (
				852AD80C1E707B4F00155C24 /* GVBNotificationDelegate.swift in Sources */,
				0B3DE4FC1E3BB57C00733810 /* SignInViewController.swift in Sources */,
				0BF1B4FA1E79C92F0062739B /* RequestRideViewController.swift in Sources */,
				852AD80A1E707B1A00155C24 /* cellFile.swift in Sources */,
				0B944AAD1E6BB0D800A856DE /* FutureRidesTableViewController.swift in Sources */,
				0B556BBF1E51390400EAE537 /* DriveViewController.swift in Sources */,
				0B396B1F1E6F7ECC00573A94 /* ScheduledRidesTableViewController.swift in Sources */,
				85365DE51E3E8ACB003709C3 /* RegisterAsViewController.swift in Sources */,
				0B6935311E3D158400F551CB /* MenuTableViewController.swift in Sources */,
				0B396B1D1E6F7EBA00573A94 /* MyHistoryTableViewController.swift in Sources */,
				0B396B1B1E6F658200573A94 /* DriverPanelViewController.swift in Sources */,
				0B197CE11E32815200392B40 /* AppDelegate.swift in Sources */,
				0B77D5DE1E64CFB700DDF96C /* CustomKGDrawerViewController.swift in Sources */,
				0BABBF771E4A912D00108DC2 /* userInfoTableViewController.swift in Sources */,
				0B197CE31E32815200392B40 /* FirstViewController.swift in Sources */,
				0BABBF731E4A84A600108DC2 /* accountTableViewController.swift in Sources */,
				851AAD191E58C54B0023F0D7 /* findingRidersViewController.swift in Sources */,
				0B6935291E3CE6C300F551CB /* RegistrationViewController.swift in Sources */,
				0BABBF711E4A275F00108DC2 /* RideViewController.swift in Sources */,
				0BABBF751E4A8F5F00108DC2 /* HelpViewController.swift in Sources */,
			);
			runOnlyForDeploymentPostprocessing = 0;
		};
		0B197CEF1E32815200392B40 /* Sources */ = {
			isa = PBXSourcesBuildPhase;
			buildActionMask = 2147483647;
			files = (
				0B6935321E3D158400F551CB /* MenuTableViewController.swift in Sources */,
				0B69352A1E3CE6C300F551CB /* RegistrationViewController.swift in Sources */,
				0B197CF81E32815200392B40 /* GVBandwagonTests.swift in Sources */,
			);
			runOnlyForDeploymentPostprocessing = 0;
		};
		0B197CFA1E32815200392B40 /* Sources */ = {
			isa = PBXSourcesBuildPhase;
			buildActionMask = 2147483647;
			files = (
				0B6935331E3D158400F551CB /* MenuTableViewController.swift in Sources */,
				0B69352B1E3CE6C300F551CB /* RegistrationViewController.swift in Sources */,
				0B197D031E32815200392B40 /* GVBandwagonUITests.swift in Sources */,
			);
			runOnlyForDeploymentPostprocessing = 0;
		};
/* End PBXSourcesBuildPhase section */

/* Begin PBXTargetDependency section */
		0B197CF51E32815200392B40 /* PBXTargetDependency */ = {
			isa = PBXTargetDependency;
			target = 0B197CDC1E32815100392B40 /* GVBandwagon */;
			targetProxy = 0B197CF41E32815200392B40 /* PBXContainerItemProxy */;
		};
		0B197D001E32815200392B40 /* PBXTargetDependency */ = {
			isa = PBXTargetDependency;
			target = 0B197CDC1E32815100392B40 /* GVBandwagon */;
			targetProxy = 0B197CFF1E32815200392B40 /* PBXContainerItemProxy */;
		};
/* End PBXTargetDependency section */

/* Begin PBXVariantGroup section */
		0B197CE61E32815200392B40 /* Main.storyboard */ = {
			isa = PBXVariantGroup;
			children = (
				0B197CE71E32815200392B40 /* Base */,
			);
			name = Main.storyboard;
			sourceTree = "<group>";
		};
		0B197CEB1E32815200392B40 /* LaunchScreen.storyboard */ = {
			isa = PBXVariantGroup;
			children = (
				0B197CEC1E32815200392B40 /* Base */,
			);
			name = LaunchScreen.storyboard;
			sourceTree = "<group>";
		};
/* End PBXVariantGroup section */

/* Begin XCBuildConfiguration section */
		0B197D051E32815200392B40 /* Debug */ = {
			isa = XCBuildConfiguration;
			buildSettings = {
				ALWAYS_SEARCH_USER_PATHS = NO;
				CLANG_ANALYZER_NONNULL = YES;
				CLANG_CXX_LANGUAGE_STANDARD = "gnu++0x";
				CLANG_CXX_LIBRARY = "libc++";
				CLANG_ENABLE_MODULES = YES;
				CLANG_ENABLE_OBJC_ARC = YES;
				CLANG_WARN_BOOL_CONVERSION = YES;
				CLANG_WARN_CONSTANT_CONVERSION = YES;
				CLANG_WARN_DIRECT_OBJC_ISA_USAGE = YES_ERROR;
				CLANG_WARN_DOCUMENTATION_COMMENTS = YES;
				CLANG_WARN_EMPTY_BODY = YES;
				CLANG_WARN_ENUM_CONVERSION = YES;
				CLANG_WARN_INFINITE_RECURSION = YES;
				CLANG_WARN_INT_CONVERSION = YES;
				CLANG_WARN_OBJC_ROOT_CLASS = YES_ERROR;
				CLANG_WARN_SUSPICIOUS_MOVE = YES;
				CLANG_WARN_UNREACHABLE_CODE = YES;
				CLANG_WARN__DUPLICATE_METHOD_MATCH = YES;
				"CODE_SIGN_IDENTITY[sdk=iphoneos*]" = "iPhone Developer";
				COPY_PHASE_STRIP = NO;
				DEBUG_INFORMATION_FORMAT = dwarf;
				ENABLE_STRICT_OBJC_MSGSEND = YES;
				ENABLE_TESTABILITY = YES;
				GCC_C_LANGUAGE_STANDARD = gnu99;
				GCC_DYNAMIC_NO_PIC = NO;
				GCC_NO_COMMON_BLOCKS = YES;
				GCC_OPTIMIZATION_LEVEL = 0;
				GCC_PREPROCESSOR_DEFINITIONS = (
					"DEBUG=1",
					"$(inherited)",
				);
				GCC_WARN_64_TO_32_BIT_CONVERSION = YES;
				GCC_WARN_ABOUT_RETURN_TYPE = YES_ERROR;
				GCC_WARN_UNDECLARED_SELECTOR = YES;
				GCC_WARN_UNINITIALIZED_AUTOS = YES_AGGRESSIVE;
				GCC_WARN_UNUSED_FUNCTION = YES;
				GCC_WARN_UNUSED_VARIABLE = YES;
				IPHONEOS_DEPLOYMENT_TARGET = 10.2;
				MTL_ENABLE_DEBUG_INFO = YES;
				ONLY_ACTIVE_ARCH = YES;
				SDKROOT = iphoneos;
				SWIFT_ACTIVE_COMPILATION_CONDITIONS = DEBUG;
				SWIFT_OPTIMIZATION_LEVEL = "-Onone";
				TARGETED_DEVICE_FAMILY = "1,2";
			};
			name = Debug;
		};
		0B197D061E32815200392B40 /* Release */ = {
			isa = XCBuildConfiguration;
			buildSettings = {
				ALWAYS_SEARCH_USER_PATHS = NO;
				CLANG_ANALYZER_NONNULL = YES;
				CLANG_CXX_LANGUAGE_STANDARD = "gnu++0x";
				CLANG_CXX_LIBRARY = "libc++";
				CLANG_ENABLE_MODULES = YES;
				CLANG_ENABLE_OBJC_ARC = YES;
				CLANG_WARN_BOOL_CONVERSION = YES;
				CLANG_WARN_CONSTANT_CONVERSION = YES;
				CLANG_WARN_DIRECT_OBJC_ISA_USAGE = YES_ERROR;
				CLANG_WARN_DOCUMENTATION_COMMENTS = YES;
				CLANG_WARN_EMPTY_BODY = YES;
				CLANG_WARN_ENUM_CONVERSION = YES;
				CLANG_WARN_INFINITE_RECURSION = YES;
				CLANG_WARN_INT_CONVERSION = YES;
				CLANG_WARN_OBJC_ROOT_CLASS = YES_ERROR;
				CLANG_WARN_SUSPICIOUS_MOVE = YES;
				CLANG_WARN_UNREACHABLE_CODE = YES;
				CLANG_WARN__DUPLICATE_METHOD_MATCH = YES;
				"CODE_SIGN_IDENTITY[sdk=iphoneos*]" = "iPhone Developer";
				COPY_PHASE_STRIP = NO;
				DEBUG_INFORMATION_FORMAT = "dwarf-with-dsym";
				ENABLE_NS_ASSERTIONS = NO;
				ENABLE_STRICT_OBJC_MSGSEND = YES;
				GCC_C_LANGUAGE_STANDARD = gnu99;
				GCC_NO_COMMON_BLOCKS = YES;
				GCC_WARN_64_TO_32_BIT_CONVERSION = YES;
				GCC_WARN_ABOUT_RETURN_TYPE = YES_ERROR;
				GCC_WARN_UNDECLARED_SELECTOR = YES;
				GCC_WARN_UNINITIALIZED_AUTOS = YES_AGGRESSIVE;
				GCC_WARN_UNUSED_FUNCTION = YES;
				GCC_WARN_UNUSED_VARIABLE = YES;
				IPHONEOS_DEPLOYMENT_TARGET = 10.2;
				MTL_ENABLE_DEBUG_INFO = NO;
				SDKROOT = iphoneos;
				SWIFT_OPTIMIZATION_LEVEL = "-Owholemodule";
				TARGETED_DEVICE_FAMILY = "1,2";
				VALIDATE_PRODUCT = YES;
			};
			name = Release;
		};
		0B197D081E32815200392B40 /* Debug */ = {
			isa = XCBuildConfiguration;
			baseConfigurationReference = C956A4DD338348886D7E4358 /* Pods-GVBandwagon.debug.xcconfig */;
			buildSettings = {
				ASSETCATALOG_COMPILER_APPICON_NAME = AppIcon;
				DEVELOPMENT_TEAM = VH242F6P8Y;
				INFOPLIST_FILE = GVBandwagon/Info.plist;
				LD_RUNPATH_SEARCH_PATHS = "$(inherited) @executable_path/Frameworks";
				PRODUCT_BUNDLE_IDENTIFIER = nicolasheady.GVBandwagon;
				PRODUCT_NAME = "$(TARGET_NAME)";
				SWIFT_VERSION = 3.0;
			};
			name = Debug;
		};
		0B197D091E32815200392B40 /* Release */ = {
			isa = XCBuildConfiguration;
			baseConfigurationReference = 1456442C274CA1E608152DE7 /* Pods-GVBandwagon.release.xcconfig */;
			buildSettings = {
				ASSETCATALOG_COMPILER_APPICON_NAME = AppIcon;
				DEVELOPMENT_TEAM = VH242F6P8Y;
				INFOPLIST_FILE = GVBandwagon/Info.plist;
				LD_RUNPATH_SEARCH_PATHS = "$(inherited) @executable_path/Frameworks";
				PRODUCT_BUNDLE_IDENTIFIER = nicolasheady.GVBandwagon;
				PRODUCT_NAME = "$(TARGET_NAME)";
				SWIFT_VERSION = 3.0;
			};
			name = Release;
		};
		0B197D0B1E32815200392B40 /* Debug */ = {
			isa = XCBuildConfiguration;
			baseConfigurationReference = 6EA9EDCC8B7D08BD0D8F9580 /* Pods-GVBandwagonTests.debug.xcconfig */;
			buildSettings = {
				ALWAYS_EMBED_SWIFT_STANDARD_LIBRARIES = YES;
				BUNDLE_LOADER = "$(TEST_HOST)";
				INFOPLIST_FILE = GVBandwagonTests/Info.plist;
				LD_RUNPATH_SEARCH_PATHS = "$(inherited) @executable_path/Frameworks @loader_path/Frameworks";
				PRODUCT_BUNDLE_IDENTIFIER = nicolasheady.GVBandwagonTests;
				PRODUCT_NAME = "$(TARGET_NAME)";
				SWIFT_VERSION = 3.0;
				TEST_HOST = "$(BUILT_PRODUCTS_DIR)/GVBandwagon.app/GVBandwagon";
			};
			name = Debug;
		};
		0B197D0C1E32815200392B40 /* Release */ = {
			isa = XCBuildConfiguration;
			baseConfigurationReference = 1FBE53FF6CE82D3A9B6283BB /* Pods-GVBandwagonTests.release.xcconfig */;
			buildSettings = {
				ALWAYS_EMBED_SWIFT_STANDARD_LIBRARIES = YES;
				BUNDLE_LOADER = "$(TEST_HOST)";
				INFOPLIST_FILE = GVBandwagonTests/Info.plist;
				LD_RUNPATH_SEARCH_PATHS = "$(inherited) @executable_path/Frameworks @loader_path/Frameworks";
				PRODUCT_BUNDLE_IDENTIFIER = nicolasheady.GVBandwagonTests;
				PRODUCT_NAME = "$(TARGET_NAME)";
				SWIFT_VERSION = 3.0;
				TEST_HOST = "$(BUILT_PRODUCTS_DIR)/GVBandwagon.app/GVBandwagon";
			};
			name = Release;
		};
		0B197D0E1E32815200392B40 /* Debug */ = {
			isa = XCBuildConfiguration;
			baseConfigurationReference = BBB63040EEFB4BA3004B7062 /* Pods-GVBandwagonUITests.debug.xcconfig */;
			buildSettings = {
				ALWAYS_EMBED_SWIFT_STANDARD_LIBRARIES = YES;
				INFOPLIST_FILE = GVBandwagonUITests/Info.plist;
				LD_RUNPATH_SEARCH_PATHS = "$(inherited) @executable_path/Frameworks @loader_path/Frameworks";
				PRODUCT_BUNDLE_IDENTIFIER = nicolasheady.GVBandwagonUITests;
				PRODUCT_NAME = "$(TARGET_NAME)";
				SWIFT_VERSION = 3.0;
				TEST_TARGET_NAME = GVBandwagon;
			};
			name = Debug;
		};
		0B197D0F1E32815200392B40 /* Release */ = {
			isa = XCBuildConfiguration;
			baseConfigurationReference = 92439C4256939807408E1F10 /* Pods-GVBandwagonUITests.release.xcconfig */;
			buildSettings = {
				ALWAYS_EMBED_SWIFT_STANDARD_LIBRARIES = YES;
				INFOPLIST_FILE = GVBandwagonUITests/Info.plist;
				LD_RUNPATH_SEARCH_PATHS = "$(inherited) @executable_path/Frameworks @loader_path/Frameworks";
				PRODUCT_BUNDLE_IDENTIFIER = nicolasheady.GVBandwagonUITests;
				PRODUCT_NAME = "$(TARGET_NAME)";
				SWIFT_VERSION = 3.0;
				TEST_TARGET_NAME = GVBandwagon;
			};
			name = Release;
		};
/* End XCBuildConfiguration section */

/* Begin XCConfigurationList section */
		0B197CD81E32815100392B40 /* Build configuration list for PBXProject "GVBandwagon" */ = {
			isa = XCConfigurationList;
			buildConfigurations = (
				0B197D051E32815200392B40 /* Debug */,
				0B197D061E32815200392B40 /* Release */,
			);
			defaultConfigurationIsVisible = 0;
			defaultConfigurationName = Release;
		};
		0B197D071E32815200392B40 /* Build configuration list for PBXNativeTarget "GVBandwagon" */ = {
			isa = XCConfigurationList;
			buildConfigurations = (
				0B197D081E32815200392B40 /* Debug */,
				0B197D091E32815200392B40 /* Release */,
			);
			defaultConfigurationIsVisible = 0;
			defaultConfigurationName = Release;
		};
		0B197D0A1E32815200392B40 /* Build configuration list for PBXNativeTarget "GVBandwagonTests" */ = {
			isa = XCConfigurationList;
			buildConfigurations = (
				0B197D0B1E32815200392B40 /* Debug */,
				0B197D0C1E32815200392B40 /* Release */,
			);
			defaultConfigurationIsVisible = 0;
			defaultConfigurationName = Release;
		};
		0B197D0D1E32815200392B40 /* Build configuration list for PBXNativeTarget "GVBandwagonUITests" */ = {
			isa = XCConfigurationList;
			buildConfigurations = (
				0B197D0E1E32815200392B40 /* Debug */,
				0B197D0F1E32815200392B40 /* Release */,
			);
			defaultConfigurationIsVisible = 0;
			defaultConfigurationName = Release;
		};
/* End XCConfigurationList section */
	};
	rootObject = 0B197CD51E32815100392B40 /* Project object */;
}
